
Microsoft Visual Studio Solution File, Format Version 12.00
# Visual Studio Version 16
VisualStudioVersion = 16.0.31613.86
MinimumVisualStudioVersion = 10.0.40219.1
Project("{FAE04EC0-301F-11D3-BF4B-00C04F79EFBC}") = "LogToHtmlTester", "LogToHtmlTester\LogToHtmlTester.csproj", "{8E23D417-6820-4D98-83A8-1E2CE61344E3}"
EndProject
Global
	GlobalSection(SolutionConfigurationPlatforms) = preSolution
		Debug|Any CPU = Debug|Any CPU
		Release|Any CPU = Release|Any CPU
	EndGlobalSection
	GlobalSection(ProjectConfigurationPlatforms) = postSolution
		{8E23D417-6820-4D98-83A8-1E2CE61344E3}.Debug|Any CPU.ActiveCfg = Debug|Any CPU
		{8E23D417-6820-4D98-83A8-1E2CE61344E3}.Debug|Any CPU.Build.0 = Debug|Any CPU
		{8E23D417-6820-4D98-83A8-1E2CE61344E3}.Release|Any CPU.ActiveCfg = Release|Any CPU
		{8E23D417-6820-4D98-83A8-1E2CE61344E3}.Release|Any CPU.Build.0 = Release|Any CPU
	EndGlobalSection
	GlobalSection(SolutionProperties) = preSolution
		HideSolutionNode = FALSE
	EndGlobalSection
	GlobalSection(ExtensibilityGlobals) = postSolution
		SolutionGuid = {B4587C43-4F41-4B11-820E-DFBE3051B8D7}
	EndGlobalSection
EndGlobal
