
Microsoft Visual Studio Solution File, Format Version 12.00
# Visual Studio Version 16
VisualStudioVersion = 16.0.31613.86
MinimumVisualStudioVersion = 10.0.40219.1
Project("{FAE04EC0-301F-11D3-BF4B-00C04F79EFBC}") = "LogToHtml", "LogToHtml\LogToHtml.csproj", "{937076B9-B247-48ED-A190-B5B10E77E54C}"
EndProject
Global
	GlobalSection(SolutionConfigurationPlatforms) = preSolution
		Debug|Any CPU = Debug|Any CPU
		Release|Any CPU = Release|Any CPU
	EndGlobalSection
	GlobalSection(ProjectConfigurationPlatforms) = postSolution
		{937076B9-B247-48ED-A190-B5B10E77E54C}.Debug|Any CPU.ActiveCfg = Debug|Any CPU
		{937076B9-B247-48ED-A190-B5B10E77E54C}.Debug|Any CPU.Build.0 = Debug|Any CPU
		{937076B9-B247-48ED-A190-B5B10E77E54C}.Release|Any CPU.ActiveCfg = Release|Any CPU
		{937076B9-B247-48ED-A190-B5B10E77E54C}.Release|Any CPU.Build.0 = Release|Any CPU
	EndGlobalSection
	GlobalSection(SolutionProperties) = preSolution
		HideSolutionNode = FALSE
	EndGlobalSection
	GlobalSection(ExtensibilityGlobals) = postSolution
		SolutionGuid = {E97730AD-45D6-4FDA-B554-504EA0E89C78}
	EndGlobalSection
EndGlobal
